<?xml version="1.0" encoding="utf-8"?>
<Project ToolsVersion="4.0" xmlns="http://schemas.microsoft.com/developer/msbuild/2003">
  <ItemGroup>
    <Filter Include="소스 파일">
      <UniqueIdentifier>{4FC737F1-C7A5-4376-A066-2A32D752A2FF}</UniqueIdentifier>
      <Extensions>cpp;c;cc;cxx;def;odl;idl;hpj;bat;asm;asmx</Extensions>
    </Filter>
    <Filter Include="헤더 파일">
      <UniqueIdentifier>{93995380-89BD-4b04-88EB-625FBE52EBFB}</UniqueIdentifier>
      <Extensions>h;hh;hpp;hxx;hm;inl;inc;ipp;xsd</Extensions>
    </Filter>
    <Filter Include="VRSaux">
      <UniqueIdentifier>{60a60a91-35be-4f03-9722-e25735c856bf}</UniqueIdentifier>
    </Filter>
    <Filter Include="VRSaux\FreeSrc">
      <UniqueIdentifier>{0f778563-f110-45b5-a3bf-166da2649eef}</UniqueIdentifier>
    </Filter>
    <Filter Include="alglib">
      <UniqueIdentifier>{240e3dc4-fadc-4cb3-846c-3947f5015c7a}</UniqueIdentifier>
    </Filter>
    <Filter Include="리소스 파일">
      <UniqueIdentifier>{67DA6AB6-F800-4c08-8B7A-83BB121AAD01}</UniqueIdentifier>
      <Extensions>rc;ico;cur;bmp;dlg;rc2;rct;bin;rgs;gif;jpg;jpeg;jpe;resx;tiff;tif;png;wav;mfcribbon-ms</Extensions>
    </Filter>
  </ItemGroup>
  <ItemGroup>
    <ClInclude Include="IWS.h">
      <Filter>헤더 파일</Filter>
    </ClInclude>
    <ClInclude Include="stdafx.h">
      <Filter>헤더 파일</Filter>
    </ClInclude>
    <ClInclude Include="targetver.h">
      <Filter>헤더 파일</Filter>
    </ClInclude>
    <ClInclude Include="MainFrm.h">
      <Filter>헤더 파일</Filter>
    </ClInclude>
    <ClInclude Include="IWSDoc.h">
      <Filter>헤더 파일</Filter>
    </ClInclude>
    <ClInclude Include="IWSView.h">
      <Filter>헤더 파일</Filter>
    </ClInclude>
    <ClInclude Include="Resource.h">
      <Filter>헤더 파일</Filter>
    </ClInclude>
    <ClInclude Include="DrawView.h">
      <Filter>헤더 파일</Filter>
    </ClInclude>
    <ClInclude Include="DrawPropertyView.h">
      <Filter>헤더 파일</Filter>
    </ClInclude>
    <ClInclude Include="DrawCmdView.h">
      <Filter>헤더 파일</Filter>
    </ClInclude>
    <ClInclude Include="JobListView.h">
      <Filter>헤더 파일</Filter>
    </ClInclude>
    <ClInclude Include="Entity.h">
      <Filter>헤더 파일</Filter>
    </ClInclude>
    <ClInclude Include="EntyLine.h">
      <Filter>헤더 파일</Filter>
    </ClInclude>
    <ClInclude Include="EntyCircle.h">
      <Filter>헤더 파일</Filter>
    </ClInclude>
    <ClInclude Include="EntyPolyline.h">
      <Filter>헤더 파일</Filter>
    </ClInclude>
    <ClInclude Include="LaserPen.h">
      <Filter>헤더 파일</Filter>
    </ClInclude>
    <ClInclude Include="Scanner.h">
      <Filter>헤더 파일</Filter>
    </ClInclude>
    <ClInclude Include="EntyArc.h">
      <Filter>헤더 파일</Filter>
    </ClInclude>
    <ClInclude Include="EntyEllipse.h">
      <Filter>헤더 파일</Filter>
    </ClInclude>
    <ClInclude Include="EntyPoint.h">
      <Filter>헤더 파일</Filter>
    </ClInclude>
    <ClInclude Include="PropertiesWnd.h">
      <Filter>헤더 파일</Filter>
    </ClInclude>
    <ClInclude Include="IWS_define.h">
      <Filter>헤더 파일</Filter>
    </ClInclude>
    <ClInclude Include="CDlgLaserPen.h">
      <Filter>헤더 파일</Filter>
    </ClInclude>
    <ClInclude Include="util\AutoEdit.h">
      <Filter>헤더 파일</Filter>
    </ClInclude>
    <ClInclude Include="util\InfoWnd.h">
      <Filter>헤더 파일</Filter>
    </ClInclude>
    <ClInclude Include="JobWeld.h">
      <Filter>헤더 파일</Filter>
    </ClInclude>
    <ClInclude Include="IWSWork.h">
      <Filter>헤더 파일</Filter>
    </ClInclude>
    <ClInclude Include="Job.h">
      <Filter>헤더 파일</Filter>
    </ClInclude>
    <ClInclude Include="ScannerRTC4.h">
      <Filter>헤더 파일</Filter>
    </ClInclude>
    <ClInclude Include="util\SplashWnd.h">
      <Filter>헤더 파일</Filter>
    </ClInclude>
    <ClInclude Include="util\dTrace.h">
      <Filter>헤더 파일</Filter>
    </ClInclude>
    <ClInclude Include="ConfigIWS.h">
      <Filter>헤더 파일</Filter>
    </ClInclude>
    <ClInclude Include="HomeView.h">
      <Filter>헤더 파일</Filter>
    </ClInclude>
    <ClInclude Include="RibbonBarIWS.h">
      <Filter>헤더 파일</Filter>
    </ClInclude>
    <ClInclude Include="CDlgScanner.h">
      <Filter>헤더 파일</Filter>
    </ClInclude>
    <ClInclude Include="Ini.h">
      <Filter>헤더 파일</Filter>
    </ClInclude>
    <ClInclude Include="ScannerRTC5.h">
      <Filter>헤더 파일</Filter>
    </ClInclude>
    <ClInclude Include="EntitySpiral.h">
      <Filter>헤더 파일</Filter>
    </ClInclude>
    <ClInclude Include="EntityRect.h">
      <Filter>헤더 파일</Filter>
    </ClInclude>
    <ClInclude Include="DlgCadRoundInput.h">
      <Filter>헤더 파일</Filter>
    </ClInclude>
    <ClInclude Include="API\Litecad.h">
      <Filter>헤더 파일</Filter>
    </ClInclude>
    <ClInclude Include="util\Led.h">
      <Filter>헤더 파일</Filter>
    </ClInclude>
    <ClInclude Include="CDlgManualScan.h">
      <Filter>헤더 파일</Filter>
    </ClInclude>
    <ClInclude Include="VRSaux\VRS.h">
      <Filter>VRSaux</Filter>
    </ClInclude>
    <ClInclude Include="VRSaux\Utility.h">
      <Filter>VRSaux</Filter>
    </ClInclude>
    <ClInclude Include="LiveCCDView.h">
      <Filter>헤더 파일</Filter>
    </ClInclude>
    <ClInclude Include="util\Label.h">
      <Filter>헤더 파일</Filter>
    </ClInclude>
    <ClInclude Include="BaseDialog.h">
      <Filter>헤더 파일</Filter>
    </ClInclude>
    <ClInclude Include="BaseFormView.h">
      <Filter>헤더 파일</Filter>
    </ClInclude>
    <ClInclude Include="HistoryEdit.h">
      <Filter>헤더 파일</Filter>
    </ClInclude>
    <ClInclude Include="CGridDIO.h">
      <Filter>헤더 파일</Filter>
    </ClInclude>
    <ClInclude Include="CGridJoblist.h">
      <Filter>헤더 파일</Filter>
    </ClInclude>
    <ClInclude Include="DlgWorkViewer.h">
      <Filter>헤더 파일</Filter>
    </ClInclude>
    <ClInclude Include="CStaticCad.h">
      <Filter>헤더 파일</Filter>
    </ClInclude>
    <ClInclude Include="CDlgGenHaipin.h">
      <Filter>헤더 파일</Filter>
    </ClInclude>
    <ClInclude Include="CGridLayerDia.h">
      <Filter>헤더 파일</Filter>
    </ClInclude>
    <ClInclude Include="VRSaux\GrabImgDlg.h">
      <Filter>VRSaux</Filter>
    </ClInclude>
    <ClInclude Include="WorkView.h">
      <Filter>헤더 파일</Filter>
    </ClInclude>
    <ClInclude Include="DlgManualWork.h">
      <Filter>헤더 파일</Filter>
    </ClInclude>
    <ClInclude Include="VRSaux\ScanImgsProc.h">
      <Filter>VRSaux</Filter>
    </ClInclude>
    <ClInclude Include="CMelsecPLC.h">
      <Filter>헤더 파일</Filter>
    </ClInclude>
    <ClInclude Include="MelsecSocket.h">
      <Filter>헤더 파일</Filter>
    </ClInclude>
    <ClInclude Include="CGridPLC.h">
      <Filter>헤더 파일</Filter>
    </ClInclude>
    <ClInclude Include="CDlgWaitWork.h">
      <Filter>헤더 파일</Filter>
    </ClInclude>
    <ClInclude Include="ListCtrlEx.h">
      <Filter>헤더 파일</Filter>
    </ClInclude>
    <ClInclude Include="MsgHook.h">
      <Filter>헤더 파일</Filter>
    </ClInclude>
    <ClInclude Include="CDlgRecipeList.h">
      <Filter>헤더 파일</Filter>
    </ClInclude>
    <ClInclude Include="CGridJob.h">
      <Filter>헤더 파일</Filter>
    </ClInclude>
    <ClInclude Include="CDlgHairpinSet.h">
      <Filter>헤더 파일</Filter>
    </ClInclude>
    <ClInclude Include="EntityHatch.h">
      <Filter>헤더 파일</Filter>
    </ClInclude>
    <ClInclude Include="CDlgHatchPattern.h">
      <Filter>헤더 파일</Filter>
    </ClInclude>
    <ClInclude Include="CGridWeldCal.h">
      <Filter>헤더 파일</Filter>
    </ClInclude>
    <ClInclude Include="CDlgAnlogPowerCtrl.h">
      <Filter>헤더 파일</Filter>
    </ClInclude>
    <ClInclude Include="CDlgLaserPenCW.h">
      <Filter>헤더 파일</Filter>
    </ClInclude>
    <ClInclude Include="ChartDirect\ChartViewer.h">
      <Filter>헤더 파일</Filter>
    </ClInclude>
    <ClInclude Include="CChartPowerShape.h">
      <Filter>헤더 파일</Filter>
    </ClInclude>
    <ClInclude Include="CGridPowerShape.h">
      <Filter>헤더 파일</Filter>
    </ClInclude>
    <ClInclude Include="CDlgLaserPenPulseShape.h">
      <Filter>헤더 파일</Filter>
    </ClInclude>
    <ClInclude Include="CGridPulseShape.h">
      <Filter>헤더 파일</Filter>
    </ClInclude>
    <ClInclude Include="CPulseShape.h">
      <Filter>헤더 파일</Filter>
    </ClInclude>
    <ClInclude Include="CDlgVScanPositionSet.h">
      <Filter>헤더 파일</Filter>
    </ClInclude>
    <ClInclude Include="CEMiniSerial.h">
      <Filter>헤더 파일</Filter>
    </ClInclude>
    <ClInclude Include="CHubiSerial.h">
      <Filter>헤더 파일</Filter>
    </ClInclude>
    <ClInclude Include="VRSaux\Queue.h">
      <Filter>VRSaux</Filter>
    </ClInclude>
    <ClInclude Include="VRSaux\DispImgDlg.h">
      <Filter>VRSaux</Filter>
    </ClInclude>
    <ClInclude Include="VRSaux\FreeSrc\SxGroupBox.h">
      <Filter>VRSaux\FreeSrc</Filter>
    </ClInclude>
    <ClInclude Include="VRSaux\WorkImg.h">
      <Filter>VRSaux</Filter>
    </ClInclude>
    <ClInclude Include="ColorComboBox.h">
      <Filter>헤더 파일</Filter>
    </ClInclude>
    <ClInclude Include="CDlgWeldPathView.h">
      <Filter>헤더 파일</Filter>
    </ClInclude>
    <ClInclude Include="CStaticCadPathView.h">
      <Filter>헤더 파일</Filter>
    </ClInclude>
    <ClInclude Include="IWSWorkHairpin.h">
      <Filter>헤더 파일</Filter>
    </ClInclude>
    <ClInclude Include="CJobGroup.h">
      <Filter>헤더 파일</Filter>
    </ClInclude>
    <ClInclude Include="HubiLicense\Blowfish.h">
      <Filter>헤더 파일</Filter>
    </ClInclude>
    <ClInclude Include="HubiLicense\DoubleBuffering.h">
      <Filter>헤더 파일</Filter>
    </ClInclude>
    <ClInclude Include="HubiLicense\HubiLicenseCheck.h">
      <Filter>헤더 파일</Filter>
    </ClInclude>
    <ClInclude Include="HubiLicense\Method.h">
      <Filter>헤더 파일</Filter>
    </ClInclude>
    <ClInclude Include="HubiLicense\SHA.H">
      <Filter>헤더 파일</Filter>
    </ClInclude>
    <ClInclude Include="CDlgLicense.h">
      <Filter>헤더 파일</Filter>
    </ClInclude>
    <ClInclude Include="EthernetPLC.h">
      <Filter>헤더 파일</Filter>
    </ClInclude>
    <ClInclude Include="CDlgLogin.h">
      <Filter>헤더 파일</Filter>
    </ClInclude>
    <ClInclude Include="CDlgInspecResluts.h">
      <Filter>헤더 파일</Filter>
    </ClInclude>
    <ClInclude Include="CDlgVScanCalib.h">
      <Filter>헤더 파일</Filter>
    </ClInclude>
    <ClInclude Include="CImageMerging.h">
      <Filter>헤더 파일</Filter>
    </ClInclude>
    <ClInclude Include="CLaserIO.h">
      <Filter>헤더 파일</Filter>
    </ClInclude>
    <ClInclude Include="CLaserIOTrump.h">
      <Filter>헤더 파일</Filter>
    </ClInclude>
    <ClInclude Include="MgrUser.h">
      <Filter>헤더 파일</Filter>
    </ClInclude>
    <ClInclude Include="DlgPassword.h">
      <Filter>헤더 파일</Filter>
    </ClInclude>
    <ClInclude Include="CDlgHairpinPattern.h">
      <Filter>헤더 파일</Filter>
    </ClInclude>
    <ClInclude Include="CDlgHairpinOffset.h">
      <Filter>헤더 파일</Filter>
    </ClInclude>
    <ClInclude Include="CGridHairpinOffset.h">
      <Filter>헤더 파일</Filter>
    </ClInclude>
    <ClInclude Include="CDlgVScanCalib_Scan.h">
      <Filter>헤더 파일</Filter>
    </ClInclude>
    <ClInclude Include="CDlgVScanCalib_Learn.h">
      <Filter>헤더 파일</Filter>
    </ClInclude>
    <ClInclude Include="CDlgVScanCalib_Stiching.h">
      <Filter>헤더 파일</Filter>
    </ClInclude>
    <ClInclude Include="CDlgVScanCalib_ConfGrid.h">
      <Filter>헤더 파일</Filter>
    </ClInclude>
    <ClInclude Include="CStaticChart.h">
      <Filter>헤더 파일</Filter>
    </ClInclude>
    <ClInclude Include="CDlgLaserPenHiddern.h">
      <Filter>헤더 파일</Filter>
    </ClInclude>
    <ClInclude Include="CDlgLaserPrgNo.h">
      <Filter>헤더 파일</Filter>
    </ClInclude>
    <ClInclude Include="CDlgMatrix.h">
      <Filter>헤더 파일</Filter>
    </ClInclude>
    <ClInclude Include="alglib\src\alglibinternal.h">
      <Filter>alglib</Filter>
    </ClInclude>
    <ClInclude Include="alglib\src\alglibmisc.h">
      <Filter>alglib</Filter>
    </ClInclude>
    <ClInclude Include="alglib\src\ap.h">
      <Filter>alglib</Filter>
    </ClInclude>
    <ClInclude Include="alglib\src\dataanalysis.h">
      <Filter>alglib</Filter>
    </ClInclude>
    <ClInclude Include="alglib\src\diffequations.h">
      <Filter>alglib</Filter>
    </ClInclude>
    <ClInclude Include="alglib\src\fasttransforms.h">
      <Filter>alglib</Filter>
    </ClInclude>
    <ClInclude Include="alglib\src\integration.h">
      <Filter>alglib</Filter>
    </ClInclude>
    <ClInclude Include="alglib\src\interpolation.h">
      <Filter>alglib</Filter>
    </ClInclude>
    <ClInclude Include="alglib\src\linalg.h">
      <Filter>alglib</Filter>
    </ClInclude>
    <ClInclude Include="alglib\src\optimization.h">
      <Filter>alglib</Filter>
    </ClInclude>
    <ClInclude Include="alglib\src\solvers.h">
      <Filter>alglib</Filter>
    </ClInclude>
    <ClInclude Include="alglib\src\specialfunctions.h">
      <Filter>alglib</Filter>
    </ClInclude>
    <ClInclude Include="alglib\src\statistics.h">
      <Filter>alglib</Filter>
    </ClInclude>
    <ClInclude Include="alglib\src\stdafx.h">
      <Filter>alglib</Filter>
    </ClInclude>
    <ClInclude Include="ImageProcessing.h">
      <Filter>헤더 파일</Filter>
    </ClInclude>
    <ClInclude Include="CDlgMatrixPCC.h">
      <Filter>헤더 파일</Filter>
    </ClInclude>
    <ClInclude Include="CDlgReworkJob.h">
      <Filter>헤더 파일</Filter>
    </ClInclude>
    <ClInclude Include="CRapidJasonWork.h">
      <Filter>헤더 파일</Filter>
    </ClInclude>
  </ItemGroup>
  <ItemGroup>
    <ClCompile Include="IWS.cpp">
      <Filter>소스 파일</Filter>
    </ClCompile>
    <ClCompile Include="stdafx.cpp">
      <Filter>소스 파일</Filter>
    </ClCompile>
    <ClCompile Include="MainFrm.cpp">
      <Filter>소스 파일</Filter>
    </ClCompile>
    <ClCompile Include="IWSDoc.cpp">
      <Filter>소스 파일</Filter>
    </ClCompile>
    <ClCompile Include="IWSView.cpp">
      <Filter>소스 파일</Filter>
    </ClCompile>
    <ClCompile Include="DrawView.cpp">
      <Filter>소스 파일</Filter>
    </ClCompile>
    <ClCompile Include="DrawPropertyView.cpp">
      <Filter>소스 파일</Filter>
    </ClCompile>
    <ClCompile Include="DrawCmdView.cpp">
      <Filter>소스 파일</Filter>
    </ClCompile>
    <ClCompile Include="JobListView.cpp">
      <Filter>소스 파일</Filter>
    </ClCompile>
    <ClCompile Include="Entity.cpp">
      <Filter>소스 파일</Filter>
    </ClCompile>
    <ClCompile Include="EntyLine.cpp">
      <Filter>소스 파일</Filter>
    </ClCompile>
    <ClCompile Include="EntyCircle.cpp">
      <Filter>소스 파일</Filter>
    </ClCompile>
    <ClCompile Include="EntyPolyline.cpp">
      <Filter>소스 파일</Filter>
    </ClCompile>
    <ClCompile Include="LaserPen.cpp">
      <Filter>소스 파일</Filter>
    </ClCompile>
    <ClCompile Include="Scanner.cpp">
      <Filter>소스 파일</Filter>
    </ClCompile>
    <ClCompile Include="EntyArc.cpp">
      <Filter>소스 파일</Filter>
    </ClCompile>
    <ClCompile Include="EntyEllipse.cpp">
      <Filter>소스 파일</Filter>
    </ClCompile>
    <ClCompile Include="EntyPoint.cpp">
      <Filter>소스 파일</Filter>
    </ClCompile>
    <ClCompile Include="PropertiesWnd.cpp">
      <Filter>소스 파일</Filter>
    </ClCompile>
    <ClCompile Include="CDlgLaserPen.cpp">
      <Filter>소스 파일</Filter>
    </ClCompile>
    <ClCompile Include="util\AutoEdit.cpp">
      <Filter>소스 파일</Filter>
    </ClCompile>
    <ClCompile Include="util\InfoWnd.cpp">
      <Filter>소스 파일</Filter>
    </ClCompile>
    <ClCompile Include="JobWeld.cpp">
      <Filter>소스 파일</Filter>
    </ClCompile>
    <ClCompile Include="IWSWork.cpp">
      <Filter>소스 파일</Filter>
    </ClCompile>
    <ClCompile Include="Job.cpp">
      <Filter>소스 파일</Filter>
    </ClCompile>
    <ClCompile Include="ScannerRTC4.cpp">
      <Filter>소스 파일</Filter>
    </ClCompile>
    <ClCompile Include="util\SplashWnd.cpp">
      <Filter>소스 파일</Filter>
    </ClCompile>
    <ClCompile Include="util\dTrace.cpp">
      <Filter>소스 파일</Filter>
    </ClCompile>
    <ClCompile Include="HomeView.cpp">
      <Filter>소스 파일</Filter>
    </ClCompile>
    <ClCompile Include="RibbonBarIWS.cpp">
      <Filter>소스 파일</Filter>
    </ClCompile>
    <ClCompile Include="CDlgScanner.cpp">
      <Filter>소스 파일</Filter>
    </ClCompile>
    <ClCompile Include="ScannerRTC5.cpp">
      <Filter>소스 파일</Filter>
    </ClCompile>
    <ClCompile Include="Ini.cpp">
      <Filter>소스 파일</Filter>
    </ClCompile>
    <ClCompile Include="EntitySpiral.cpp">
      <Filter>소스 파일</Filter>
    </ClCompile>
    <ClCompile Include="EntityRect.cpp">
      <Filter>소스 파일</Filter>
    </ClCompile>
    <ClCompile Include="DlgCadRoundInput.cpp">
      <Filter>소스 파일</Filter>
    </ClCompile>
    <ClCompile Include="util\Led.cpp">
      <Filter>소스 파일</Filter>
    </ClCompile>
    <ClCompile Include="util\Label.cpp">
      <Filter>소스 파일</Filter>
    </ClCompile>
    <ClCompile Include="CDlgManualScan.cpp">
      <Filter>소스 파일</Filter>
    </ClCompile>
    <ClCompile Include="VRSaux\Utility.cpp">
      <Filter>VRSaux</Filter>
    </ClCompile>
    <ClCompile Include="LiveCCDView.cpp">
      <Filter>소스 파일</Filter>
    </ClCompile>
    <ClCompile Include="ConfigIWS.cpp">
      <Filter>소스 파일</Filter>
    </ClCompile>
    <ClCompile Include="BaseDialog.cpp">
      <Filter>소스 파일</Filter>
    </ClCompile>
    <ClCompile Include="BaseFormView.cpp">
      <Filter>소스 파일</Filter>
    </ClCompile>
    <ClCompile Include="HistoryEdit.cpp">
      <Filter>소스 파일</Filter>
    </ClCompile>
    <ClCompile Include="CGridDIO.cpp">
      <Filter>소스 파일</Filter>
    </ClCompile>
    <ClCompile Include="CGridJoblist.cpp">
      <Filter>소스 파일</Filter>
    </ClCompile>
    <ClCompile Include="DlgWorkViewer.cpp">
      <Filter>소스 파일</Filter>
    </ClCompile>
    <ClCompile Include="CStaticCad.cpp">
      <Filter>소스 파일</Filter>
    </ClCompile>
    <ClCompile Include="CDlgGenHaipin.cpp">
      <Filter>소스 파일</Filter>
    </ClCompile>
    <ClCompile Include="CGridLayerDia.cpp">
      <Filter>소스 파일</Filter>
    </ClCompile>
    <ClCompile Include="VRSaux\GrabImgDlg.cpp">
      <Filter>VRSaux</Filter>
    </ClCompile>
    <ClCompile Include="WorkView.cpp">
      <Filter>소스 파일</Filter>
    </ClCompile>
    <ClCompile Include="DlgManualWork.cpp">
      <Filter>소스 파일</Filter>
    </ClCompile>
    <ClCompile Include="VRSaux\ScanImgsProc.cpp">
      <Filter>VRSaux</Filter>
    </ClCompile>
    <ClCompile Include="CMelsecPLC.cpp">
      <Filter>소스 파일</Filter>
    </ClCompile>
    <ClCompile Include="MelsecSocket.cpp">
      <Filter>소스 파일</Filter>
    </ClCompile>
    <ClCompile Include="CGridPLC.cpp">
      <Filter>소스 파일</Filter>
    </ClCompile>
    <ClCompile Include="CDlgWaitWork.cpp">
      <Filter>소스 파일</Filter>
    </ClCompile>
    <ClCompile Include="ListCtrlEx.cpp">
      <Filter>소스 파일</Filter>
    </ClCompile>
    <ClCompile Include="MsgHook.cpp">
      <Filter>소스 파일</Filter>
    </ClCompile>
    <ClCompile Include="CDlgRecipeList.cpp">
      <Filter>소스 파일</Filter>
    </ClCompile>
    <ClCompile Include="CGridJob.cpp">
      <Filter>소스 파일</Filter>
    </ClCompile>
    <ClCompile Include="CDlgHairpinSet.cpp">
      <Filter>소스 파일</Filter>
    </ClCompile>
    <ClCompile Include="EntityHatch.cpp">
      <Filter>소스 파일</Filter>
    </ClCompile>
    <ClCompile Include="CDlgHatchPattern.cpp">
      <Filter>소스 파일</Filter>
    </ClCompile>
    <ClCompile Include="CGridWeldCal.cpp">
      <Filter>소스 파일</Filter>
    </ClCompile>
    <ClCompile Include="API\Litecad.c">
      <Filter>소스 파일</Filter>
    </ClCompile>
    <ClCompile Include="CDlgAnlogPowerCtrl.cpp">
      <Filter>소스 파일</Filter>
    </ClCompile>
    <ClCompile Include="CDlgLaserPenCW.cpp">
      <Filter>소스 파일</Filter>
    </ClCompile>
    <ClCompile Include="ChartDirect\ChartViewer.cpp">
      <Filter>소스 파일</Filter>
    </ClCompile>
    <ClCompile Include="CChartPowerShape.cpp">
      <Filter>소스 파일</Filter>
    </ClCompile>
    <ClCompile Include="CGridPowerShape.cpp">
      <Filter>소스 파일</Filter>
    </ClCompile>
    <ClCompile Include="CDlgLaserPenPulseShape.cpp">
      <Filter>소스 파일</Filter>
    </ClCompile>
    <ClCompile Include="CGridPulseShape.cpp">
      <Filter>소스 파일</Filter>
    </ClCompile>
    <ClCompile Include="CPulseShape.cpp">
      <Filter>소스 파일</Filter>
    </ClCompile>
    <ClCompile Include="CDlgVScanPositionSet.cpp">
      <Filter>소스 파일</Filter>
    </ClCompile>
    <ClCompile Include="CEMiniSerial.cpp">
      <Filter>소스 파일</Filter>
    </ClCompile>
    <ClCompile Include="CHubiSerial.cpp">
      <Filter>소스 파일</Filter>
    </ClCompile>
    <ClCompile Include="VRSaux\Queue.cpp">
      <Filter>VRSaux</Filter>
    </ClCompile>
    <ClCompile Include="VRSaux\DispImgDlg.cpp">
      <Filter>VRSaux</Filter>
    </ClCompile>
    <ClCompile Include="VRSaux\FreeSrc\SxGroupBox.cpp">
      <Filter>VRSaux\FreeSrc</Filter>
    </ClCompile>
    <ClCompile Include="VRSaux\WorkImg.cpp">
      <Filter>VRSaux</Filter>
    </ClCompile>
    <ClCompile Include="ColorComboBox.cpp">
      <Filter>소스 파일</Filter>
    </ClCompile>
    <ClCompile Include="CDlgWeldPathView.cpp">
      <Filter>소스 파일</Filter>
    </ClCompile>
    <ClCompile Include="CStaticCadPathView.cpp">
      <Filter>소스 파일</Filter>
    </ClCompile>
    <ClCompile Include="IWSWorkHairpin.cpp">
      <Filter>소스 파일</Filter>
    </ClCompile>
    <ClCompile Include="CJobGroup.cpp">
      <Filter>소스 파일</Filter>
    </ClCompile>
    <ClCompile Include="HubiLicense\BlowFish.cpp">
      <Filter>소스 파일</Filter>
    </ClCompile>
    <ClCompile Include="HubiLicense\DoubleBuffering.cpp">
      <Filter>소스 파일</Filter>
    </ClCompile>
    <ClCompile Include="HubiLicense\HubiLicenseCheck.cpp">
      <Filter>소스 파일</Filter>
    </ClCompile>
    <ClCompile Include="HubiLicense\Method.cpp">
      <Filter>소스 파일</Filter>
    </ClCompile>
    <ClCompile Include="HubiLicense\SHA.CPP">
      <Filter>소스 파일</Filter>
    </ClCompile>
    <ClCompile Include="CDlgLicense.cpp">
      <Filter>소스 파일</Filter>
    </ClCompile>
    <ClCompile Include="EthernetPLC.cpp">
      <Filter>소스 파일</Filter>
    </ClCompile>
    <ClCompile Include="CDlgLogin.cpp">
      <Filter>소스 파일</Filter>
    </ClCompile>
    <ClCompile Include="CDlgInspecResluts.cpp">
      <Filter>소스 파일</Filter>
    </ClCompile>
    <ClCompile Include="CDlgVScanCalib.cpp">
      <Filter>소스 파일</Filter>
    </ClCompile>
    <ClCompile Include="CImageMerging.cpp">
      <Filter>소스 파일</Filter>
    </ClCompile>
    <ClCompile Include="CLaserIO.cpp">
      <Filter>소스 파일</Filter>
    </ClCompile>
    <ClCompile Include="CLaserIOTrump.cpp">
      <Filter>소스 파일</Filter>
    </ClCompile>
    <ClCompile Include="MgrUser.cpp">
      <Filter>소스 파일</Filter>
    </ClCompile>
    <ClCompile Include="DlgPassword.cpp">
      <Filter>소스 파일</Filter>
    </ClCompile>
    <ClCompile Include="CDlgHairpinPattern.cpp">
      <Filter>소스 파일</Filter>
    </ClCompile>
    <ClCompile Include="CDlgHairpinOffset.cpp">
      <Filter>소스 파일</Filter>
    </ClCompile>
    <ClCompile Include="CGridHairpinOffset.cpp">
      <Filter>소스 파일</Filter>
    </ClCompile>
    <ClCompile Include="CDlgVScanCalib_Scan.cpp">
      <Filter>소스 파일</Filter>
    </ClCompile>
    <ClCompile Include="CDlgVScanCalib_Learn.cpp">
      <Filter>소스 파일</Filter>
    </ClCompile>
    <ClCompile Include="CDlgVScanCalib_Stiching.cpp">
      <Filter>소스 파일</Filter>
    </ClCompile>
    <ClCompile Include="CDlgVScanCalib_ConfGrid.cpp">
      <Filter>소스 파일</Filter>
    </ClCompile>
    <ClCompile Include="CStaticChart.cpp">
      <Filter>소스 파일</Filter>
    </ClCompile>
    <ClCompile Include="CDlgLaserPenHiddern.cpp">
      <Filter>소스 파일</Filter>
    </ClCompile>
    <ClCompile Include="CDlgLaserPrgNo.cpp">
      <Filter>소스 파일</Filter>
    </ClCompile>
    <ClCompile Include="CDlgMatrix.cpp">
      <Filter>소스 파일</Filter>
    </ClCompile>
    <ClCompile Include="alglib\src\alglibinternal.cpp">
      <Filter>alglib</Filter>
    </ClCompile>
    <ClCompile Include="alglib\src\alglibmisc.cpp">
      <Filter>alglib</Filter>
    </ClCompile>
    <ClCompile Include="alglib\src\ap.cpp">
      <Filter>alglib</Filter>
    </ClCompile>
    <ClCompile Include="alglib\src\dataanalysis.cpp">
      <Filter>alglib</Filter>
    </ClCompile>
    <ClCompile Include="alglib\src\diffequations.cpp">
      <Filter>alglib</Filter>
    </ClCompile>
    <ClCompile Include="alglib\src\fasttransforms.cpp">
      <Filter>alglib</Filter>
    </ClCompile>
    <ClCompile Include="alglib\src\integration.cpp">
      <Filter>alglib</Filter>
    </ClCompile>
    <ClCompile Include="alglib\src\interpolation.cpp">
      <Filter>alglib</Filter>
    </ClCompile>
    <ClCompile Include="alglib\src\linalg.cpp">
      <Filter>alglib</Filter>
    </ClCompile>
    <ClCompile Include="alglib\src\optimization.cpp">
      <Filter>alglib</Filter>
    </ClCompile>
    <ClCompile Include="alglib\src\solvers.cpp">
      <Filter>alglib</Filter>
    </ClCompile>
    <ClCompile Include="alglib\src\specialfunctions.cpp">
      <Filter>alglib</Filter>
    </ClCompile>
    <ClCompile Include="alglib\src\statistics.cpp">
      <Filter>alglib</Filter>
    </ClCompile>
    <ClCompile Include="ImageProcessing.cpp">
      <Filter>소스 파일</Filter>
    </ClCompile>
    <ClCompile Include="CDlgMatrixPCC.cpp">
      <Filter>소스 파일</Filter>
    </ClCompile>
    <ClCompile Include="CDlgReworkJob.cpp">
      <Filter>소스 파일</Filter>
    </ClCompile>
    <ClCompile Include="CRapidJasonWork.cpp">
      <Filter>소스 파일</Filter>
    </ClCompile>
  </ItemGroup>
  <ItemGroup>
    <None Include="IWS.reg" />
    <None Include="res\ribbon.mfcribbon-ms">
      <Filter>리소스 파일</Filter>
    </None>
    <None Include="res\IWS.rc2">
      <Filter>리소스 파일</Filter>
    </None>
  </ItemGroup>
  <ItemGroup>
    <ResourceCompile Include="IWS.rc">
      <Filter>리소스 파일</Filter>
    </ResourceCompile>
  </ItemGroup>
  <ItemGroup>
    <Image Include="res\file_view.ico">
      <Filter>리소스 파일</Filter>
    </Image>
    <Image Include="res\file_view_hc.ico">
      <Filter>리소스 파일</Filter>
    </Image>
    <Image Include="res\class_view.ico">
      <Filter>리소스 파일</Filter>
    </Image>
    <Image Include="res\class_view_hc.ico">
      <Filter>리소스 파일</Filter>
    </Image>
    <Image Include="res\fileview.bmp">
      <Filter>리소스 파일</Filter>
    </Image>
    <Image Include="res\fileview_hc.bmp">
      <Filter>리소스 파일</Filter>
    </Image>
    <Image Include="res\classview.bmp">
      <Filter>리소스 파일</Filter>
    </Image>
    <Image Include="res\classview_hc.bmp">
      <Filter>리소스 파일</Filter>
    </Image>
    <Image Include="res\explorer.bmp">
      <Filter>리소스 파일</Filter>
    </Image>
    <Image Include="res\explorer_hc.bmp">
      <Filter>리소스 파일</Filter>
    </Image>
    <Image Include="res\sort.bmp">
      <Filter>리소스 파일</Filter>
    </Image>
    <Image Include="res\sort_hc.bmp">
      <Filter>리소스 파일</Filter>
    </Image>
    <Image Include="res\menuimages.bmp">
      <Filter>리소스 파일</Filter>
    </Image>
    <Image Include="res\menuimages_hc.bmp">
      <Filter>리소스 파일</Filter>
    </Image>
    <Image Include="res\output_wnd.ico">
      <Filter>리소스 파일</Filter>
    </Image>
    <Image Include="res\output_wnd_hc.ico">
      <Filter>리소스 파일</Filter>
    </Image>
    <Image Include="res\properties_wnd.ico">
      <Filter>리소스 파일</Filter>
    </Image>
    <Image Include="res\properties_wnd_hc.ico">
      <Filter>리소스 파일</Filter>
    </Image>
    <Image Include="res\properties.bmp">
      <Filter>리소스 파일</Filter>
    </Image>
    <Image Include="res\properties_hc.bmp">
      <Filter>리소스 파일</Filter>
    </Image>
    <Image Include="res\buttons.bmp">
      <Filter>리소스 파일</Filter>
    </Image>
    <Image Include="res\filelarge.bmp">
      <Filter>리소스 파일</Filter>
    </Image>
    <Image Include="res\filesmall.bmp">
      <Filter>리소스 파일</Filter>
    </Image>
    <Image Include="res\main.bmp">
      <Filter>리소스 파일</Filter>
    </Image>
    <Image Include="res\writelarge.bmp">
      <Filter>리소스 파일</Filter>
    </Image>
    <Image Include="res\writesmall.bmp">
      <Filter>리소스 파일</Filter>
    </Image>
    <Image Include="res\IWSDoc.ico">
      <Filter>리소스 파일</Filter>
    </Image>
    <Image Include="res\IWS.ico">
      <Filter>리소스 파일</Filter>
    </Image>
    <Image Include="res\Toolbar.bmp">
      <Filter>리소스 파일</Filter>
    </Image>
    <Image Include="res\Toolbar256.bmp">
      <Filter>리소스 파일</Filter>
    </Image>
    <Image Include="res\ribbonBar.bmp">
      <Filter>리소스 파일</Filter>
    </Image>
    <Image Include="res\bitmap1.bmp">
      <Filter>리소스 파일</Filter>
    </Image>
    <Image Include="res\Splash.bmp">
      <Filter>리소스 파일</Filter>
    </Image>
    <Image Include="..\..\..\1. 프로젝트 Source\101. Image\start.png">
      <Filter>리소스 파일</Filter>
    </Image>
    <Image Include="res\start.bmp">
      <Filter>리소스 파일</Filter>
    </Image>
    <Image Include="res\stop.bmp">
      <Filter>리소스 파일</Filter>
    </Image>
    <Image Include="res\bitmap_TITLE.bmp">
      <Filter>리소스 파일</Filter>
    </Image>
    <Image Include="res\ribbonBar_home.bmp">
      <Filter>리소스 파일</Filter>
    </Image>
    <Image Include="res\hairpin.bmp">
      <Filter>리소스 파일</Filter>
    </Image>
    <Image Include="res\down.ico">
      <Filter>리소스 파일</Filter>
    </Image>
    <Image Include="res\downFast.ico">
      <Filter>리소스 파일</Filter>
    </Image>
    <Image Include="res\left.ico">
      <Filter>리소스 파일</Filter>
    </Image>
    <Image Include="res\leftFast.ico">
      <Filter>리소스 파일</Filter>
    </Image>
    <Image Include="res\right.ico">
      <Filter>리소스 파일</Filter>
    </Image>
    <Image Include="res\rightFast.ico">
      <Filter>리소스 파일</Filter>
    </Image>
    <Image Include="res\up.ico">
      <Filter>리소스 파일</Filter>
    </Image>
    <Image Include="res\upFast.ico">
      <Filter>리소스 파일</Filter>
    </Image>
    <Image Include="res\draw_small.bmp">
      <Filter>리소스 파일</Filter>
    </Image>
    <Image Include="res\bitmap2.bmp">
      <Filter>리소스 파일</Filter>
    </Image>
    <Image Include="..\..\..\..\101. Image\login.bmp">
      <Filter>리소스 파일</Filter>
    </Image>
  </ItemGroup>
  <ItemGroup>
    <Library Include="alglib\addons-mkl\alglib3131_64mkl.lib">
      <Filter>alglib</Filter>
    </Library>
    <Library Include="alglib\mkl-windows\mkl4alglib_64.lib">
      <Filter>alglib</Filter>
    </Library>
  </ItemGroup>
</Project>